Microsoft Visual Studio Solution File, Format Version 12.00
# Visual Studio Version 17
VisualStudioVersion = 17.5.2.0
MinimumVisualStudioVersion = 10.0.40219.1
Project("{FAE04EC0-301F-11D3-BF4B-00C04F79EFBC}") = "WebRTCTest", "WebRTCTest\WebRTCTest.csproj", "{4A08AB77-EC66-C248-775E-1A334A8B0B71}"
EndProject
Global
	GlobalSection(SolutionConfigurationPlatforms) = preSolution
		Debug|Any CPU = Debug|Any CPU
		Release|Any CPU = Release|Any CPU
	EndGlobalSection
	GlobalSection(ProjectConfigurationPlatforms) = postSolution
		{4A08AB77-EC66-C248-775E-1A334A8B0B71}.Debug|Any CPU.ActiveCfg = Debug|Any CPU
		{4A08AB77-EC66-C248-775E-1A334A8B0B71}.Debug|Any CPU.Build.0 = Debug|Any CPU
		{4A08AB77-EC66-C248-775E-1A334A8B0B71}.Release|Any CPU.ActiveCfg = Release|Any CPU
		{4A08AB77-EC66-C248-775E-1A334A8B0B71}.Release|Any CPU.Build.0 = Release|Any CPU
	EndGlobalSection
	GlobalSection(SolutionProperties) = preSolution
		HideSolutionNode = FALSE
	EndGlobalSection
	GlobalSection(ExtensibilityGlobals) = postSolution
		SolutionGuid = {3A0443AF-68FE-4A37-BEB7-8618EB8629EC}
	EndGlobalSection
EndGlobal
